// !$*UTF8*$!
{
	archiveVersion = 1;
	classes = {
	};
	objectVersion = 60;
	objects = {

/* Begin PBXBuildFile section */
		0711F34F2C6D5D79006C86AA /* RootView.swift in Sources */ = {isa = PBXBuildFile; fileRef = 0711F34E2C6D5D79006C86AA /* RootView.swift */; };
		0711F3512C6D5DCA006C86AA /* TabbarView.swift in Sources */ = {isa = PBXBuildFile; fileRef = 0711F3502C6D5DCA006C86AA /* TabbarView.swift */; };
		0711F3542C6D5F3F006C86AA /* FloatingTabBar in Frameworks */ = {isa = PBXBuildFile; productRef = 0711F3532C6D5F3F006C86AA /* FloatingTabBar */; };
		0711F3582C6D63F1006C86AA /* AuthenticationView.swift in Sources */ = {isa = PBXBuildFile; fileRef = 0711F3572C6D63F1006C86AA /* AuthenticationView.swift */; };
		0711F3642C6D6C6F006C86AA /* FirebaseAnalytics in Frameworks */ = {isa = PBXBuildFile; productRef = 0711F3632C6D6C6F006C86AA /* FirebaseAnalytics */; };
		0711F3662C6D6C6F006C86AA /* FirebaseAuth in Frameworks */ = {isa = PBXBuildFile; productRef = 0711F3652C6D6C6F006C86AA /* FirebaseAuth */; };
		0711F3682C6D6D0D006C86AA /* GoogleService-Info.plist in Resources */ = {isa = PBXBuildFile; fileRef = 0711F3672C6D6D0D006C86AA /* GoogleService-Info.plist */; };
		0711F36B2C6D6E2B006C86AA /* GoogleSignIn in Frameworks */ = {isa = PBXBuildFile; productRef = 0711F36A2C6D6E2B006C86AA /* GoogleSignIn */; };
		0711F36D2C6D6E2B006C86AA /* GoogleSignInSwift in Frameworks */ = {isa = PBXBuildFile; productRef = 0711F36C2C6D6E2B006C86AA /* GoogleSignInSwift */; };
		0711F3702C6D71EC006C86AA /* AuthenticationManager.swift in Sources */ = {isa = PBXBuildFile; fileRef = 0711F36F2C6D71EC006C86AA /* AuthenticationManager.swift */; };
		0711F3722C6D7244006C86AA /* SignInGoogleHelper.swift in Sources */ = {isa = PBXBuildFile; fileRef = 0711F3712C6D7244006C86AA /* SignInGoogleHelper.swift */; };
		0711F3742C6D725C006C86AA /* Utilities.swift in Sources */ = {isa = PBXBuildFile; fileRef = 0711F3732C6D725C006C86AA /* Utilities.swift */; };
		0711F3762C6D7433006C86AA /* ProfileView.swift in Sources */ = {isa = PBXBuildFile; fileRef = 0711F3752C6D7433006C86AA /* ProfileView.swift */; };
		0711F3782C6D7CDB006C86AA /* SignInAppleHelper.swift in Sources */ = {isa = PBXBuildFile; fileRef = 0711F3772C6D7CDA006C86AA /* SignInAppleHelper.swift */; };
		0711F37A2C6D8BEB006C86AA /* OpenAIService.swift in Sources */ = {isa = PBXBuildFile; fileRef = 0711F3792C6D8BEB006C86AA /* OpenAIService.swift */; };
		0711F37C2C6D96C5006C86AA /* imageLoading.json in Resources */ = {isa = PBXBuildFile; fileRef = 0711F37B2C6D96C5006C86AA /* imageLoading.json */; };
		0711F3812C6DB62D006C86AA /* FirebaseAnalytics in Frameworks */ = {isa = PBXBuildFile; productRef = 0711F3802C6DB62D006C86AA /* FirebaseAnalytics */; };
		0711F3832C6DB62D006C86AA /* FirebaseAnalyticsOnDeviceConversion in Frameworks */ = {isa = PBXBuildFile; productRef = 0711F3822C6DB62D006C86AA /* FirebaseAnalyticsOnDeviceConversion */; };
		0711F3852C6DB62D006C86AA /* FirebaseAuth in Frameworks */ = {isa = PBXBuildFile; productRef = 0711F3842C6DB62D006C86AA /* FirebaseAuth */; };
		0711F3872C6DB67D006C86AA /* DotLottie in Frameworks */ = {isa = PBXBuildFile; productRef = 0711F3862C6DB67D006C86AA /* DotLottie */; };
		0711F3892C6DB68B006C86AA /* GoogleSignIn in Frameworks */ = {isa = PBXBuildFile; productRef = 0711F3882C6DB68B006C86AA /* GoogleSignIn */; };
		0711F38B2C6DB68B006C86AA /* GoogleSignInSwift in Frameworks */ = {isa = PBXBuildFile; productRef = 0711F38A2C6DB68B006C86AA /* GoogleSignInSwift */; };
		0711F38D2C6DB698006C86AA /* FloatingTabBar in Frameworks */ = {isa = PBXBuildFile; productRef = 0711F38C2C6DB698006C86AA /* FloatingTabBar */; };
		073F2CEA2C6EC85200BCF6F0 /* FirebaseVertexAI-Preview in Frameworks */ = {isa = PBXBuildFile; productRef = 073F2CE92C6EC85200BCF6F0 /* FirebaseVertexAI-Preview */; };
		073F2CED2C6F98D500BCF6F0 /* StoryLoading.json in Resources */ = {isa = PBXBuildFile; fileRef = 073F2CEC2C6F98D500BCF6F0 /* StoryLoading.json */; };
		073F2CF02C6F9B4600BCF6F0 /* FirebaseFirestore in Frameworks */ = {isa = PBXBuildFile; productRef = 073F2CEF2C6F9B4600BCF6F0 /* FirebaseFirestore */; };
		073F2CF22C6F9C1F00BCF6F0 /* UserManager.swift in Sources */ = {isa = PBXBuildFile; fileRef = 073F2CF12C6F9C1F00BCF6F0 /* UserManager.swift */; };
		073F2CF42C6FA0A800BCF6F0 /* SignInWithEmailView.swift in Sources */ = {isa = PBXBuildFile; fileRef = 073F2CF32C6FA0A800BCF6F0 /* SignInWithEmailView.swift */; };
		073F2CF62C6FBFDB00BCF6F0 /* ComicNeue-Regular.ttf in Resources */ = {isa = PBXBuildFile; fileRef = 073F2CF52C6FBFDB00BCF6F0 /* ComicNeue-Regular.ttf */; };
		07AF26DD2C703B2C00E41509 /* ComicNeue-Bold.ttf in Resources */ = {isa = PBXBuildFile; fileRef = 07AF26DC2C703B2C00E41509 /* ComicNeue-Bold.ttf */; };
		07FB38492C62BEAB0070EEFA /* Imagine_TalesApp.swift in Sources */ = {isa = PBXBuildFile; fileRef = 07FB38482C62BEAB0070EEFA /* Imagine_TalesApp.swift */; };
		07FB384B2C62BEAB0070EEFA /* ContentView.swift in Sources */ = {isa = PBXBuildFile; fileRef = 07FB384A2C62BEAB0070EEFA /* ContentView.swift */; };
		07FB384D2C62BEAC0070EEFA /* Assets.xcassets in Resources */ = {isa = PBXBuildFile; fileRef = 07FB384C2C62BEAC0070EEFA /* Assets.xcassets */; };
		07FB38502C62BEAC0070EEFA /* Preview Assets.xcassets in Resources */ = {isa = PBXBuildFile; fileRef = 07FB384F2C62BEAC0070EEFA /* Preview Assets.xcassets */; };
		07FB38642C63B3720070EEFA /* Environment.swift in Sources */ = {isa = PBXBuildFile; fileRef = 07FB38632C63B3720070EEFA /* Environment.swift */; };
/* End PBXBuildFile section */

/* Begin PBXFileReference section */
		0711F34E2C6D5D79006C86AA /* RootView.swift */ = {isa = PBXFileReference; lastKnownFileType = sourcecode.swift; path = RootView.swift; sourceTree = "<group>"; };
		0711F3502C6D5DCA006C86AA /* TabbarView.swift */ = {isa = PBXFileReference; lastKnownFileType = sourcecode.swift; path = TabbarView.swift; sourceTree = "<group>"; };
		0711F3572C6D63F1006C86AA /* AuthenticationView.swift */ = {isa = PBXFileReference; lastKnownFileType = sourcecode.swift; path = AuthenticationView.swift; sourceTree = "<group>"; };
		0711F3672C6D6D0D006C86AA /* GoogleService-Info.plist */ = {isa = PBXFileReference; lastKnownFileType = text.plist.xml; path = "GoogleService-Info.plist"; sourceTree = "<group>"; };
		0711F36F2C6D71EC006C86AA /* AuthenticationManager.swift */ = {isa = PBXFileReference; lastKnownFileType = sourcecode.swift; path = AuthenticationManager.swift; sourceTree = "<group>"; };
		0711F3712C6D7244006C86AA /* SignInGoogleHelper.swift */ = {isa = PBXFileReference; lastKnownFileType = sourcecode.swift; path = SignInGoogleHelper.swift; sourceTree = "<group>"; };
		0711F3732C6D725C006C86AA /* Utilities.swift */ = {isa = PBXFileReference; lastKnownFileType = sourcecode.swift; path = Utilities.swift; sourceTree = "<group>"; };
		0711F3752C6D7433006C86AA /* ProfileView.swift */ = {isa = PBXFileReference; lastKnownFileType = sourcecode.swift; path = ProfileView.swift; sourceTree = "<group>"; };
		0711F3772C6D7CDA006C86AA /* SignInAppleHelper.swift */ = {isa = PBXFileReference; lastKnownFileType = sourcecode.swift; path = SignInAppleHelper.swift; sourceTree = "<group>"; };
		0711F3792C6D8BEB006C86AA /* OpenAIService.swift */ = {isa = PBXFileReference; lastKnownFileType = sourcecode.swift; path = OpenAIService.swift; sourceTree = "<group>"; };
		0711F37B2C6D96C5006C86AA /* imageLoading.json */ = {isa = PBXFileReference; lastKnownFileType = text.json; path = imageLoading.json; sourceTree = "<group>"; };
		073F2CEC2C6F98D500BCF6F0 /* StoryLoading.json */ = {isa = PBXFileReference; lastKnownFileType = text.json; path = StoryLoading.json; sourceTree = "<group>"; };
		073F2CF12C6F9C1F00BCF6F0 /* UserManager.swift */ = {isa = PBXFileReference; lastKnownFileType = sourcecode.swift; path = UserManager.swift; sourceTree = "<group>"; };
		073F2CF32C6FA0A800BCF6F0 /* SignInWithEmailView.swift */ = {isa = PBXFileReference; lastKnownFileType = sourcecode.swift; path = SignInWithEmailView.swift; sourceTree = "<group>"; };
		073F2CF52C6FBFDB00BCF6F0 /* ComicNeue-Regular.ttf */ = {isa = PBXFileReference; lastKnownFileType = file; path = "ComicNeue-Regular.ttf"; sourceTree = "<group>"; };
		07AF26DC2C703B2C00E41509 /* ComicNeue-Bold.ttf */ = {isa = PBXFileReference; lastKnownFileType = file; path = "ComicNeue-Bold.ttf"; sourceTree = "<group>"; };
		07FB38452C62BEAB0070EEFA /* Imagine Tales.app */ = {isa = PBXFileReference; explicitFileType = wrapper.application; includeInIndex = 0; path = "Imagine Tales.app"; sourceTree = BUILT_PRODUCTS_DIR; };
		07FB38482C62BEAB0070EEFA /* Imagine_TalesApp.swift */ = {isa = PBXFileReference; lastKnownFileType = sourcecode.swift; path = Imagine_TalesApp.swift; sourceTree = "<group>"; };
		07FB384A2C62BEAB0070EEFA /* ContentView.swift */ = {isa = PBXFileReference; lastKnownFileType = sourcecode.swift; path = ContentView.swift; sourceTree = "<group>"; };
		07FB384C2C62BEAC0070EEFA /* Assets.xcassets */ = {isa = PBXFileReference; lastKnownFileType = folder.assetcatalog; path = Assets.xcassets; sourceTree = "<group>"; };
		07FB384F2C62BEAC0070EEFA /* Preview Assets.xcassets */ = {isa = PBXFileReference; lastKnownFileType = folder.assetcatalog; path = "Preview Assets.xcassets"; sourceTree = "<group>"; };
		07FB38602C63B2360070EEFA /* Config.xcconfig */ = {isa = PBXFileReference; lastKnownFileType = text.xcconfig; path = Config.xcconfig; sourceTree = "<group>"; };
		07FB38622C63B3250070EEFA /* Imagine-Tales-Info.plist */ = {isa = PBXFileReference; lastKnownFileType = text.plist.xml; path = "Imagine-Tales-Info.plist"; sourceTree = SOURCE_ROOT; };
		07FB38632C63B3720070EEFA /* Environment.swift */ = {isa = PBXFileReference; lastKnownFileType = sourcecode.swift; path = Environment.swift; sourceTree = "<group>"; };
/* End PBXFileReference section */

/* Begin PBXFrameworksBuildPhase section */
		07FB38422C62BEAB0070EEFA /* Frameworks */ = {
			isa = PBXFrameworksBuildPhase;
			buildActionMask = 2147483647;
			files = (
				0711F3812C6DB62D006C86AA /* FirebaseAnalytics in Frameworks */,
				0711F36D2C6D6E2B006C86AA /* GoogleSignInSwift in Frameworks */,
				0711F3892C6DB68B006C86AA /* GoogleSignIn in Frameworks */,
				0711F38B2C6DB68B006C86AA /* GoogleSignInSwift in Frameworks */,
				0711F38D2C6DB698006C86AA /* FloatingTabBar in Frameworks */,
				0711F3642C6D6C6F006C86AA /* FirebaseAnalytics in Frameworks */,
				0711F36B2C6D6E2B006C86AA /* GoogleSignIn in Frameworks */,
				0711F3852C6DB62D006C86AA /* FirebaseAuth in Frameworks */,
				073F2CF02C6F9B4600BCF6F0 /* FirebaseFirestore in Frameworks */,
				0711F3662C6D6C6F006C86AA /* FirebaseAuth in Frameworks */,
				0711F3542C6D5F3F006C86AA /* FloatingTabBar in Frameworks */,
				073F2CEA2C6EC85200BCF6F0 /* FirebaseVertexAI-Preview in Frameworks */,
				0711F3832C6DB62D006C86AA /* FirebaseAnalyticsOnDeviceConversion in Frameworks */,
				0711F3872C6DB67D006C86AA /* DotLottie in Frameworks */,
			);
			runOnlyForDeploymentPostprocessing = 0;
		};
/* End PBXFrameworksBuildPhase section */

/* Begin PBXGroup section */
		0711F36E2C6D7046006C86AA /* Authentication */ = {
			isa = PBXGroup;
			children = (
				073F2CF12C6F9C1F00BCF6F0 /* UserManager.swift */,
				0711F3772C6D7CDA006C86AA /* SignInAppleHelper.swift */,
				0711F3732C6D725C006C86AA /* Utilities.swift */,
				0711F3712C6D7244006C86AA /* SignInGoogleHelper.swift */,
				0711F3572C6D63F1006C86AA /* AuthenticationView.swift */,
				073F2CF32C6FA0A800BCF6F0 /* SignInWithEmailView.swift */,
				0711F36F2C6D71EC006C86AA /* AuthenticationManager.swift */,
			);
			path = Authentication;
			sourceTree = "<group>";
		};
		073F2CE82C6EC85200BCF6F0 /* Frameworks */ = {
			isa = PBXGroup;
			children = (
			);
			name = Frameworks;
			sourceTree = "<group>";
		};
		073F2CEB2C6F981300BCF6F0 /* AIService */ = {
			isa = PBXGroup;
			children = (
				0711F3792C6D8BEB006C86AA /* OpenAIService.swift */,
			);
			path = AIService;
			sourceTree = "<group>";
		};
		073F2CEE2C6F9A3300BCF6F0 /* LoadingAnimations */ = {
			isa = PBXGroup;
			children = (
				073F2CEC2C6F98D500BCF6F0 /* StoryLoading.json */,
				0711F37B2C6D96C5006C86AA /* imageLoading.json */,
			);
			path = LoadingAnimations;
			sourceTree = "<group>";
		};
		07FB383C2C62BEAA0070EEFA = {
			isa = PBXGroup;
			children = (
				07FB38472C62BEAB0070EEFA /* Imagine Tales */,
				073F2CE82C6EC85200BCF6F0 /* Frameworks */,
				07FB38462C62BEAB0070EEFA /* Products */,
			);
			sourceTree = "<group>";
		};
		07FB38462C62BEAB0070EEFA /* Products */ = {
			isa = PBXGroup;
			children = (
				07FB38452C62BEAB0070EEFA /* Imagine Tales.app */,
			);
			name = Products;
			sourceTree = "<group>";
		};
		07FB38472C62BEAB0070EEFA /* Imagine Tales */ = {
			isa = PBXGroup;
			children = (
				07FB38482C62BEAB0070EEFA /* Imagine_TalesApp.swift */,
				0711F34E2C6D5D79006C86AA /* RootView.swift */,
				0711F3502C6D5DCA006C86AA /* TabbarView.swift */,
				07FB384A2C62BEAB0070EEFA /* ContentView.swift */,
				0711F3752C6D7433006C86AA /* ProfileView.swift */,
				07FB38632C63B3720070EEFA /* Environment.swift */,
				073F2CEB2C6F981300BCF6F0 /* AIService */,
				0711F36E2C6D7046006C86AA /* Authentication */,
				073F2CEE2C6F9A3300BCF6F0 /* LoadingAnimations */,
				07FB384C2C62BEAC0070EEFA /* Assets.xcassets */,
				073F2CF52C6FBFDB00BCF6F0 /* ComicNeue-Regular.ttf */,
				07AF26DC2C703B2C00E41509 /* ComicNeue-Bold.ttf */,
				07FB384E2C62BEAC0070EEFA /* Preview Content */,
				07FB38602C63B2360070EEFA /* Config.xcconfig */,
				0711F3672C6D6D0D006C86AA /* GoogleService-Info.plist */,
				07FB38622C63B3250070EEFA /* Imagine-Tales-Info.plist */,
			);
			path = "Imagine Tales";
			sourceTree = "<group>";
		};
		07FB384E2C62BEAC0070EEFA /* Preview Content */ = {
			isa = PBXGroup;
			children = (
				07FB384F2C62BEAC0070EEFA /* Preview Assets.xcassets */,
			);
			path = "Preview Content";
			sourceTree = "<group>";
		};
/* End PBXGroup section */

/* Begin PBXNativeTarget section */
		07FB38442C62BEAB0070EEFA /* Imagine Tales */ = {
			isa = PBXNativeTarget;
			buildConfigurationList = 07FB38532C62BEAC0070EEFA /* Build configuration list for PBXNativeTarget "Imagine Tales" */;
			buildPhases = (
				07FB38412C62BEAB0070EEFA /* Sources */,
				07FB38422C62BEAB0070EEFA /* Frameworks */,
				07FB38432C62BEAB0070EEFA /* Resources */,
			);
			buildRules = (
			);
			dependencies = (
			);
			name = "Imagine Tales";
			productName = "Imagine Tales";
			productReference = 07FB38452C62BEAB0070EEFA /* Imagine Tales.app */;
			productType = "com.apple.product-type.application";
		};
/* End PBXNativeTarget section */

/* Begin PBXProject section */
		07FB383D2C62BEAA0070EEFA /* Project object */ = {
			isa = PBXProject;
			attributes = {
				BuildIndependentTargetsInParallel = 1;
				LastSwiftUpdateCheck = 1600;
				LastUpgradeCheck = 1610;
				TargetAttributes = {
					07FB38442C62BEAB0070EEFA = {
						CreatedOnToolsVersion = 16.0;
					};
				};
			};
			buildConfigurationList = 07FB38402C62BEAA0070EEFA /* Build configuration list for PBXProject "Imagine Tales" */;
			compatibilityVersion = "Xcode 15.0";
			developmentRegion = en;
			hasScannedForEncodings = 0;
			knownRegions = (
				en,
				Base,
			);
			mainGroup = 07FB383C2C62BEAA0070EEFA;
			packageReferences = (
				0711F3522C6D5F3F006C86AA /* XCRemoteSwiftPackageReference "FloatingTabBar" */,
				0711F3622C6D6C6F006C86AA /* XCRemoteSwiftPackageReference "firebase-ios-sdk" */,
				0711F3692C6D6E2B006C86AA /* XCRemoteSwiftPackageReference "GoogleSignIn-iOS" */,
				0711F37D2C6D96EC006C86AA /* XCRemoteSwiftPackageReference "dotlottie-ios" */,
			);
			productRefGroup = 07FB38462C62BEAB0070EEFA /* Products */;
			projectDirPath = "";
			projectRoot = "";
			targets = (
				07FB38442C62BEAB0070EEFA /* Imagine Tales */,
			);
		};
/* End PBXProject section */

/* Begin PBXResourcesBuildPhase section */
		07FB38432C62BEAB0070EEFA /* Resources */ = {
			isa = PBXResourcesBuildPhase;
			buildActionMask = 2147483647;
			files = (
				07AF26DD2C703B2C00E41509 /* ComicNeue-Bold.ttf in Resources */,
				0711F3682C6D6D0D006C86AA /* GoogleService-Info.plist in Resources */,
				073F2CED2C6F98D500BCF6F0 /* StoryLoading.json in Resources */,
				073F2CF62C6FBFDB00BCF6F0 /* ComicNeue-Regular.ttf in Resources */,
				07FB38502C62BEAC0070EEFA /* Preview Assets.xcassets in Resources */,
				07FB384D2C62BEAC0070EEFA /* Assets.xcassets in Resources */,
				0711F37C2C6D96C5006C86AA /* imageLoading.json in Resources */,
			);
			runOnlyForDeploymentPostprocessing = 0;
		};
/* End PBXResourcesBuildPhase section */

/* Begin PBXSourcesBuildPhase section */
		07FB38412C62BEAB0070EEFA /* Sources */ = {
			isa = PBXSourcesBuildPhase;
			buildActionMask = 2147483647;
			files = (
				0711F3512C6D5DCA006C86AA /* TabbarView.swift in Sources */,
				0711F3702C6D71EC006C86AA /* AuthenticationManager.swift in Sources */,
				0711F37A2C6D8BEB006C86AA /* OpenAIService.swift in Sources */,
				073F2CF22C6F9C1F00BCF6F0 /* UserManager.swift in Sources */,
				07FB38642C63B3720070EEFA /* Environment.swift in Sources */,
				0711F3722C6D7244006C86AA /* SignInGoogleHelper.swift in Sources */,
				073F2CF42C6FA0A800BCF6F0 /* SignInWithEmailView.swift in Sources */,
				0711F3582C6D63F1006C86AA /* AuthenticationView.swift in Sources */,
				07FB384B2C62BEAB0070EEFA /* ContentView.swift in Sources */,
				07FB38492C62BEAB0070EEFA /* Imagine_TalesApp.swift in Sources */,
				0711F3782C6D7CDB006C86AA /* SignInAppleHelper.swift in Sources */,
				0711F3742C6D725C006C86AA /* Utilities.swift in Sources */,
				0711F3762C6D7433006C86AA /* ProfileView.swift in Sources */,
				0711F34F2C6D5D79006C86AA /* RootView.swift in Sources */,
			);
			runOnlyForDeploymentPostprocessing = 0;
		};
/* End PBXSourcesBuildPhase section */

/* Begin XCBuildConfiguration section */
		07FB38512C62BEAC0070EEFA /* Debug */ = {
			isa = XCBuildConfiguration;
			baseConfigurationReference = 07FB38602C63B2360070EEFA /* Config.xcconfig */;
			buildSettings = {
				ALWAYS_SEARCH_USER_PATHS = NO;
				ASSETCATALOG_COMPILER_GENERATE_SWIFT_ASSET_SYMBOL_EXTENSIONS = YES;
				CLANG_ANALYZER_NONNULL = YES;
				CLANG_ANALYZER_NUMBER_OBJECT_CONVERSION = YES_AGGRESSIVE;
				CLANG_CXX_LANGUAGE_STANDARD = "gnu++20";
				CLANG_ENABLE_MODULES = YES;
				CLANG_ENABLE_OBJC_ARC = YES;
				CLANG_ENABLE_OBJC_WEAK = YES;
				CLANG_WARN_BLOCK_CAPTURE_AUTORELEASING = YES;
				CLANG_WARN_BOOL_CONVERSION = YES;
				CLANG_WARN_COMMA = YES;
				CLANG_WARN_CONSTANT_CONVERSION = YES;
				CLANG_WARN_DEPRECATED_OBJC_IMPLEMENTATIONS = YES;
				CLANG_WARN_DIRECT_OBJC_ISA_USAGE = YES_ERROR;
				CLANG_WARN_DOCUMENTATION_COMMENTS = YES;
				CLANG_WARN_EMPTY_BODY = YES;
				CLANG_WARN_ENUM_CONVERSION = YES;
				CLANG_WARN_INFINITE_RECURSION = YES;
				CLANG_WARN_INT_CONVERSION = YES;
				CLANG_WARN_NON_LITERAL_NULL_CONVERSION = YES;
				CLANG_WARN_OBJC_IMPLICIT_RETAIN_SELF = YES;
				CLANG_WARN_OBJC_LITERAL_CONVERSION = YES;
				CLANG_WARN_OBJC_ROOT_CLASS = YES_ERROR;
				CLANG_WARN_QUOTED_INCLUDE_IN_FRAMEWORK_HEADER = YES;
				CLANG_WARN_RANGE_LOOP_ANALYSIS = YES;
				CLANG_WARN_STRICT_PROTOTYPES = YES;
				CLANG_WARN_SUSPICIOUS_MOVE = YES;
				CLANG_WARN_UNGUARDED_AVAILABILITY = YES_AGGRESSIVE;
				CLANG_WARN_UNREACHABLE_CODE = YES;
				CLANG_WARN__DUPLICATE_METHOD_MATCH = YES;
				COPY_PHASE_STRIP = NO;
				DEBUG_INFORMATION_FORMAT = dwarf;
				ENABLE_STRICT_OBJC_MSGSEND = YES;
				ENABLE_TESTABILITY = YES;
				ENABLE_USER_SCRIPT_SANDBOXING = YES;
				GCC_C_LANGUAGE_STANDARD = gnu17;
				GCC_DYNAMIC_NO_PIC = NO;
				GCC_NO_COMMON_BLOCKS = YES;
				GCC_OPTIMIZATION_LEVEL = 0;
				GCC_PREPROCESSOR_DEFINITIONS = (
					"DEBUG=1",
					"$(inherited)",
				);
				GCC_WARN_64_TO_32_BIT_CONVERSION = YES;
				GCC_WARN_ABOUT_RETURN_TYPE = YES_ERROR;
				GCC_WARN_UNDECLARED_SELECTOR = YES;
				GCC_WARN_UNINITIALIZED_AUTOS = YES_AGGRESSIVE;
				GCC_WARN_UNUSED_FUNCTION = YES;
				GCC_WARN_UNUSED_VARIABLE = YES;
				IPHONEOS_DEPLOYMENT_TARGET = 18.0;
				LOCALIZATION_PREFERS_STRING_CATALOGS = YES;
				MTL_ENABLE_DEBUG_INFO = INCLUDE_SOURCE;
				MTL_FAST_MATH = YES;
				ONLY_ACTIVE_ARCH = YES;
				SDKROOT = iphoneos;
				SWIFT_ACTIVE_COMPILATION_CONDITIONS = "DEBUG $(inherited)";
				SWIFT_OPTIMIZATION_LEVEL = "-Onone";
			};
			name = Debug;
		};
		07FB38522C62BEAC0070EEFA /* Release */ = {
			isa = XCBuildConfiguration;
			baseConfigurationReference = 07FB38602C63B2360070EEFA /* Config.xcconfig */;
			buildSettings = {
				ALWAYS_SEARCH_USER_PATHS = NO;
				ASSETCATALOG_COMPILER_GENERATE_SWIFT_ASSET_SYMBOL_EXTENSIONS = YES;
				CLANG_ANALYZER_NONNULL = YES;
				CLANG_ANALYZER_NUMBER_OBJECT_CONVERSION = YES_AGGRESSIVE;
				CLANG_CXX_LANGUAGE_STANDARD = "gnu++20";
				CLANG_ENABLE_MODULES = YES;
				CLANG_ENABLE_OBJC_ARC = YES;
				CLANG_ENABLE_OBJC_WEAK = YES;
				CLANG_WARN_BLOCK_CAPTURE_AUTORELEASING = YES;
				CLANG_WARN_BOOL_CONVERSION = YES;
				CLANG_WARN_COMMA = YES;
				CLANG_WARN_CONSTANT_CONVERSION = YES;
				CLANG_WARN_DEPRECATED_OBJC_IMPLEMENTATIONS = YES;
				CLANG_WARN_DIRECT_OBJC_ISA_USAGE = YES_ERROR;
				CLANG_WARN_DOCUMENTATION_COMMENTS = YES;
				CLANG_WARN_EMPTY_BODY = YES;
				CLANG_WARN_ENUM_CONVERSION = YES;
				CLANG_WARN_INFINITE_RECURSION = YES;
				CLANG_WARN_INT_CONVERSION = YES;
				CLANG_WARN_NON_LITERAL_NULL_CONVERSION = YES;
				CLANG_WARN_OBJC_IMPLICIT_RETAIN_SELF = YES;
				CLANG_WARN_OBJC_LITERAL_CONVERSION = YES;
				CLANG_WARN_OBJC_ROOT_CLASS = YES_ERROR;
				CLANG_WARN_QUOTED_INCLUDE_IN_FRAMEWORK_HEADER = YES;
				CLANG_WARN_RANGE_LOOP_ANALYSIS = YES;
				CLANG_WARN_STRICT_PROTOTYPES = YES;
				CLANG_WARN_SUSPICIOUS_MOVE = YES;
				CLANG_WARN_UNGUARDED_AVAILABILITY = YES_AGGRESSIVE;
				CLANG_WARN_UNREACHABLE_CODE = YES;
				CLANG_WARN__DUPLICATE_METHOD_MATCH = YES;
				COPY_PHASE_STRIP = NO;
				DEBUG_INFORMATION_FORMAT = "dwarf-with-dsym";
				ENABLE_NS_ASSERTIONS = NO;
				ENABLE_STRICT_OBJC_MSGSEND = YES;
				ENABLE_USER_SCRIPT_SANDBOXING = YES;
				GCC_C_LANGUAGE_STANDARD = gnu17;
				GCC_NO_COMMON_BLOCKS = YES;
				GCC_WARN_64_TO_32_BIT_CONVERSION = YES;
				GCC_WARN_ABOUT_RETURN_TYPE = YES_ERROR;
				GCC_WARN_UNDECLARED_SELECTOR = YES;
				GCC_WARN_UNINITIALIZED_AUTOS = YES_AGGRESSIVE;
				GCC_WARN_UNUSED_FUNCTION = YES;
				GCC_WARN_UNUSED_VARIABLE = YES;
				IPHONEOS_DEPLOYMENT_TARGET = 18.0;
				LOCALIZATION_PREFERS_STRING_CATALOGS = YES;
				MTL_ENABLE_DEBUG_INFO = NO;
				MTL_FAST_MATH = YES;
				SDKROOT = iphoneos;
				SWIFT_COMPILATION_MODE = wholemodule;
				VALIDATE_PRODUCT = YES;
			};
			name = Release;
		};
		07FB38542C62BEAC0070EEFA /* Debug */ = {
			isa = XCBuildConfiguration;
			buildSettings = {
				ASSETCATALOG_COMPILER_APPICON_NAME = AppIcon;
				ASSETCATALOG_COMPILER_GLOBAL_ACCENT_COLOR_NAME = AccentColor;
				CODE_SIGN_STYLE = Automatic;
				CURRENT_PROJECT_VERSION = 1;
				DEVELOPMENT_ASSET_PATHS = "\"Imagine Tales/Preview Content\"";
				DEVELOPMENT_TEAM = P5K444356C;
				ENABLE_PREVIEWS = YES;
				GENERATE_INFOPLIST_FILE = YES;
				INFOPLIST_FILE = "Imagine-Tales-Info.plist";
				INFOPLIST_KEY_UIApplicationSceneManifest_Generation = YES;
				INFOPLIST_KEY_UIApplicationSupportsIndirectInputEvents = YES;
				INFOPLIST_KEY_UILaunchScreen_Generation = YES;
				INFOPLIST_KEY_UISupportedInterfaceOrientations_iPad = "UIInterfaceOrientationPortrait UIInterfaceOrientationPortraitUpsideDown UIInterfaceOrientationLandscapeLeft UIInterfaceOrientationLandscapeRight";
				INFOPLIST_KEY_UISupportedInterfaceOrientations_iPhone = "UIInterfaceOrientationPortrait UIInterfaceOrientationLandscapeLeft UIInterfaceOrientationLandscapeRight";
				IPHONEOS_DEPLOYMENT_TARGET = 18.0;
				LD_RUNPATH_SEARCH_PATHS = (
					"$(inherited)",
					"@executable_path/Frameworks",
				);
				MARKETING_VERSION = 1.0;
				PRODUCT_BUNDLE_IDENTIFIER = "com.parpods.Imagine-Tales";
				PRODUCT_NAME = "$(TARGET_NAME)";
				SWIFT_EMIT_LOC_STRINGS = YES;
				SWIFT_VERSION = 5.0;
				TARGETED_DEVICE_FAMILY = "1,2";
			};
			name = Debug;
		};
		07FB38552C62BEAC0070EEFA /* Release */ = {
			isa = XCBuildConfiguration;
			buildSettings = {
				ASSETCATALOG_COMPILER_APPICON_NAME = AppIcon;
				ASSETCATALOG_COMPILER_GLOBAL_ACCENT_COLOR_NAME = AccentColor;
				CODE_SIGN_STYLE = Automatic;
				CURRENT_PROJECT_VERSION = 1;
				DEVELOPMENT_ASSET_PATHS = "\"Imagine Tales/Preview Content\"";
				DEVELOPMENT_TEAM = P5K444356C;
				ENABLE_PREVIEWS = YES;
				GENERATE_INFOPLIST_FILE = YES;
				INFOPLIST_FILE = "Imagine-Tales-Info.plist";
				INFOPLIST_KEY_UIApplicationSceneManifest_Generation = YES;
				INFOPLIST_KEY_UIApplicationSupportsIndirectInputEvents = YES;
				INFOPLIST_KEY_UILaunchScreen_Generation = YES;
				INFOPLIST_KEY_UISupportedInterfaceOrientations_iPad = "UIInterfaceOrientationPortrait UIInterfaceOrientationPortraitUpsideDown UIInterfaceOrientationLandscapeLeft UIInterfaceOrientationLandscapeRight";
				INFOPLIST_KEY_UISupportedInterfaceOrientations_iPhone = "UIInterfaceOrientationPortrait UIInterfaceOrientationLandscapeLeft UIInterfaceOrientationLandscapeRight";
				IPHONEOS_DEPLOYMENT_TARGET = 18.0;
				LD_RUNPATH_SEARCH_PATHS = (
					"$(inherited)",
					"@executable_path/Frameworks",
				);
				MARKETING_VERSION = 1.0;
				PRODUCT_BUNDLE_IDENTIFIER = "com.parpods.Imagine-Tales";
				PRODUCT_NAME = "$(TARGET_NAME)";
				SWIFT_EMIT_LOC_STRINGS = YES;
				SWIFT_VERSION = 5.0;
				TARGETED_DEVICE_FAMILY = "1,2";
			};
			name = Release;
		};
/* End XCBuildConfiguration section */

/* Begin XCConfigurationList section */
		07FB38402C62BEAA0070EEFA /* Build configuration list for PBXProject "Imagine Tales" */ = {
			isa = XCConfigurationList;
			buildConfigurations = (
				07FB38512C62BEAC0070EEFA /* Debug */,
				07FB38522C62BEAC0070EEFA /* Release */,
			);
			defaultConfigurationIsVisible = 0;
			defaultConfigurationName = Release;
		};
		07FB38532C62BEAC0070EEFA /* Build configuration list for PBXNativeTarget "Imagine Tales" */ = {
			isa = XCConfigurationList;
			buildConfigurations = (
				07FB38542C62BEAC0070EEFA /* Debug */,
				07FB38552C62BEAC0070EEFA /* Release */,
			);
			defaultConfigurationIsVisible = 0;
			defaultConfigurationName = Release;
		};
/* End XCConfigurationList section */

/* Begin XCRemoteSwiftPackageReference section */
		0711F3522C6D5F3F006C86AA /* XCRemoteSwiftPackageReference "FloatingTabBar" */ = {
			isa = XCRemoteSwiftPackageReference;
			repositoryURL = "https://github.com/claudiaeng/FloatingTabBar.git";
			requirement = {
				branch = master;
				kind = branch;
			};
		};
		0711F3622C6D6C6F006C86AA /* XCRemoteSwiftPackageReference "firebase-ios-sdk" */ = {
			isa = XCRemoteSwiftPackageReference;
			repositoryURL = "https://github.com/firebase/firebase-ios-sdk";
			requirement = {
				kind = upToNextMajorVersion;
				minimumVersion = 11.0.0;
			};
		};
		0711F3692C6D6E2B006C86AA /* XCRemoteSwiftPackageReference "GoogleSignIn-iOS" */ = {
			isa = XCRemoteSwiftPackageReference;
			repositoryURL = "https://github.com/google/GoogleSignIn-iOS";
			requirement = {
				kind = upToNextMajorVersion;
				minimumVersion = 8.0.0;
			};
		};
		0711F37D2C6D96EC006C86AA /* XCRemoteSwiftPackageReference "dotlottie-ios" */ = {
			isa = XCRemoteSwiftPackageReference;
			repositoryURL = "https://github.com/LottieFiles/dotlottie-ios";
			requirement = {
				branch = main;
				kind = branch;
			};
		};
/* End XCRemoteSwiftPackageReference section */

/* Begin XCSwiftPackageProductDependency section */
		0711F3532C6D5F3F006C86AA /* FloatingTabBar */ = {
			isa = XCSwiftPackageProductDependency;
			package = 0711F3522C6D5F3F006C86AA /* XCRemoteSwiftPackageReference "FloatingTabBar" */;
			productName = FloatingTabBar;
		};
		0711F3632C6D6C6F006C86AA /* FirebaseAnalytics */ = {
			isa = XCSwiftPackageProductDependency;
			package = 0711F3622C6D6C6F006C86AA /* XCRemoteSwiftPackageReference "firebase-ios-sdk" */;
			productName = FirebaseAnalytics;
		};
		0711F3652C6D6C6F006C86AA /* FirebaseAuth */ = {
			isa = XCSwiftPackageProductDependency;
			package = 0711F3622C6D6C6F006C86AA /* XCRemoteSwiftPackageReference "firebase-ios-sdk" */;
			productName = FirebaseAuth;
		};
		0711F36A2C6D6E2B006C86AA /* GoogleSignIn */ = {
			isa = XCSwiftPackageProductDependency;
			package = 0711F3692C6D6E2B006C86AA /* XCRemoteSwiftPackageReference "GoogleSignIn-iOS" */;
			productName = GoogleSignIn;
		};
		0711F36C2C6D6E2B006C86AA /* GoogleSignInSwift */ = {
			isa = XCSwiftPackageProductDependency;
			package = 0711F3692C6D6E2B006C86AA /* XCRemoteSwiftPackageReference "GoogleSignIn-iOS" */;
			productName = GoogleSignInSwift;
		};
		0711F3802C6DB62D006C86AA /* FirebaseAnalytics */ = {
			isa = XCSwiftPackageProductDependency;
			package = 0711F3622C6D6C6F006C86AA /* XCRemoteSwiftPackageReference "firebase-ios-sdk" */;
			productName = FirebaseAnalytics;
		};
		0711F3822C6DB62D006C86AA /* FirebaseAnalyticsOnDeviceConversion */ = {
			isa = XCSwiftPackageProductDependency;
			package = 0711F3622C6D6C6F006C86AA /* XCRemoteSwiftPackageReference "firebase-ios-sdk" */;
			productName = FirebaseAnalyticsOnDeviceConversion;
		};
		0711F3842C6DB62D006C86AA /* FirebaseAuth */ = {
			isa = XCSwiftPackageProductDependency;
			package = 0711F3622C6D6C6F006C86AA /* XCRemoteSwiftPackageReference "firebase-ios-sdk" */;
			productName = FirebaseAuth;
		};
		0711F3862C6DB67D006C86AA /* DotLottie */ = {
			isa = XCSwiftPackageProductDependency;
			package = 0711F37D2C6D96EC006C86AA /* XCRemoteSwiftPackageReference "dotlottie-ios" */;
			productName = DotLottie;
		};
		0711F3882C6DB68B006C86AA /* GoogleSignIn */ = {
			isa = XCSwiftPackageProductDependency;
			package = 0711F3692C6D6E2B006C86AA /* XCRemoteSwiftPackageReference "GoogleSignIn-iOS" */;
			productName = GoogleSignIn;
		};
		0711F38A2C6DB68B006C86AA /* GoogleSignInSwift */ = {
			isa = XCSwiftPackageProductDependency;
			package = 0711F3692C6D6E2B006C86AA /* XCRemoteSwiftPackageReference "GoogleSignIn-iOS" */;
			productName = GoogleSignInSwift;
		};
		0711F38C2C6DB698006C86AA /* FloatingTabBar */ = {
			isa = XCSwiftPackageProductDependency;
			productName = FloatingTabBar;
		};
		073F2CE92C6EC85200BCF6F0 /* FirebaseVertexAI-Preview */ = {
			isa = XCSwiftPackageProductDependency;
			package = 0711F3622C6D6C6F006C86AA /* XCRemoteSwiftPackageReference "firebase-ios-sdk" */;
			productName = "FirebaseVertexAI-Preview";
		};
		073F2CEF2C6F9B4600BCF6F0 /* FirebaseFirestore */ = {
			isa = XCSwiftPackageProductDependency;
			package = 0711F3622C6D6C6F006C86AA /* XCRemoteSwiftPackageReference "firebase-ios-sdk" */;
			productName = FirebaseFirestore;
		};
/* End XCSwiftPackageProductDependency section */
	};
	rootObject = 07FB383D2C62BEAA0070EEFA /* Project object */;
}
